
Microsoft Visual Studio Solution File, Format Version 12.00
# Visual Studio Version 17
VisualStudioVersion = 17.4.33213.308
MinimumVisualStudioVersion = 10.0.40219.1
Project("{9A19103F-16F7-4668-BE54-9A1E7A4F7556}") = "BACKEND", "BACKEND\BACKEND.csproj", "{510AF24D-FFF8-4E03-9D38-0BE2E8F416E4}"
EndProject
Project("{9A19103F-16F7-4668-BE54-9A1E7A4F7556}") = "EFCORE", "EFCORE\EFCORE.csproj", "{A0023D20-7570-49D1-8E03-BF7899B552E1}"
EndProject
Project("{9A19103F-16F7-4668-BE54-9A1E7A4F7556}") = "FRONTEND", "FRONTEND\FRONTEND.csproj", "{855D1BF5-3067-4D38-959A-E03A946FA059}"
EndProject
Project("{9A19103F-16F7-4668-BE54-9A1E7A4F7556}") = "IDENTITY", "IDENTITY\IDENTITY.csproj", "{EA734EEA-0A22-450A-8B59-CDFABABE6D14}"
EndProject
Project("{2150E333-8FDC-42A3-9474-1A3956D46DE8}") = "Libs", "Libs", "{BB76B252-2F15-456B-A66E-DED56228B70E}"
EndProject
Project("{9A19103F-16F7-4668-BE54-9A1E7A4F7556}") = "MIGRATIONS", "MIGRATIONS\MIGRATIONS.csproj", "{F903E7F8-0E64-4F01-9913-81AE1B0A9CE9}"
EndProject
Project("{9A19103F-16F7-4668-BE54-9A1E7A4F7556}") = "COMMON", "COMMON\COMMON.csproj", "{A0A54B00-6EE5-451F-BEDA-AA3A170AE12F}"
EndProject
Global
	GlobalSection(SolutionConfigurationPlatforms) = preSolution
		Debug|Any CPU = Debug|Any CPU
		Release|Any CPU = Release|Any CPU
	EndGlobalSection
	GlobalSection(ProjectConfigurationPlatforms) = postSolution
		{510AF24D-FFF8-4E03-9D38-0BE2E8F416E4}.Debug|Any CPU.ActiveCfg = Debug|Any CPU
		{510AF24D-FFF8-4E03-9D38-0BE2E8F416E4}.Debug|Any CPU.Build.0 = Debug|Any CPU
		{510AF24D-FFF8-4E03-9D38-0BE2E8F416E4}.Release|Any CPU.ActiveCfg = Release|Any CPU
		{510AF24D-FFF8-4E03-9D38-0BE2E8F416E4}.Release|Any CPU.Build.0 = Release|Any CPU
		{A0023D20-7570-49D1-8E03-BF7899B552E1}.Debug|Any CPU.ActiveCfg = Debug|Any CPU
		{A0023D20-7570-49D1-8E03-BF7899B552E1}.Debug|Any CPU.Build.0 = Debug|Any CPU
		{A0023D20-7570-49D1-8E03-BF7899B552E1}.Release|Any CPU.ActiveCfg = Release|Any CPU
		{A0023D20-7570-49D1-8E03-BF7899B552E1}.Release|Any CPU.Build.0 = Release|Any CPU
		{855D1BF5-3067-4D38-959A-E03A946FA059}.Debug|Any CPU.ActiveCfg = Debug|Any CPU
		{855D1BF5-3067-4D38-959A-E03A946FA059}.Debug|Any CPU.Build.0 = Debug|Any CPU
		{855D1BF5-3067-4D38-959A-E03A946FA059}.Release|Any CPU.ActiveCfg = Release|Any CPU
		{855D1BF5-3067-4D38-959A-E03A946FA059}.Release|Any CPU.Build.0 = Release|Any CPU
		{EA734EEA-0A22-450A-8B59-CDFABABE6D14}.Debug|Any CPU.ActiveCfg = Debug|Any CPU
		{EA734EEA-0A22-450A-8B59-CDFABABE6D14}.Debug|Any CPU.Build.0 = Debug|Any CPU
		{EA734EEA-0A22-450A-8B59-CDFABABE6D14}.Release|Any CPU.ActiveCfg = Release|Any CPU
		{EA734EEA-0A22-450A-8B59-CDFABABE6D14}.Release|Any CPU.Build.0 = Release|Any CPU
		{F903E7F8-0E64-4F01-9913-81AE1B0A9CE9}.Debug|Any CPU.ActiveCfg = Debug|Any CPU
		{F903E7F8-0E64-4F01-9913-81AE1B0A9CE9}.Debug|Any CPU.Build.0 = Debug|Any CPU
		{F903E7F8-0E64-4F01-9913-81AE1B0A9CE9}.Release|Any CPU.ActiveCfg = Release|Any CPU
		{F903E7F8-0E64-4F01-9913-81AE1B0A9CE9}.Release|Any CPU.Build.0 = Release|Any CPU
		{A0A54B00-6EE5-451F-BEDA-AA3A170AE12F}.Debug|Any CPU.ActiveCfg = Debug|Any CPU
		{A0A54B00-6EE5-451F-BEDA-AA3A170AE12F}.Debug|Any CPU.Build.0 = Debug|Any CPU
		{A0A54B00-6EE5-451F-BEDA-AA3A170AE12F}.Release|Any CPU.ActiveCfg = Release|Any CPU
		{A0A54B00-6EE5-451F-BEDA-AA3A170AE12F}.Release|Any CPU.Build.0 = Release|Any CPU
	EndGlobalSection
	GlobalSection(SolutionProperties) = preSolution
		HideSolutionNode = FALSE
	EndGlobalSection
	GlobalSection(NestedProjects) = preSolution
		{A0023D20-7570-49D1-8E03-BF7899B552E1} = {BB76B252-2F15-456B-A66E-DED56228B70E}
		{F903E7F8-0E64-4F01-9913-81AE1B0A9CE9} = {BB76B252-2F15-456B-A66E-DED56228B70E}
		{A0A54B00-6EE5-451F-BEDA-AA3A170AE12F} = {BB76B252-2F15-456B-A66E-DED56228B70E}
	EndGlobalSection
	GlobalSection(ExtensibilityGlobals) = postSolution
		SolutionGuid = {25937D9F-E223-4503-AED2-5342DA4555B6}
	EndGlobalSection
EndGlobal
